
Microsoft Visual Studio Solution File, Format Version 12.00
# Visual Studio 15 
VisualStudioVersion = 15.0.26403.3
MinimumVisualStudioVersion = 10.0.40219.1
Project("{FAE04EC0-301F-11D3-BF4B-00C04F79EFBC}") = "TypeScriptAST", "TypeScriptAST\TypeScriptAST.csproj", "{7728B98C-9E88-4E6D-8ECD-D51DED278AC2}"
EndProject
Project("{FAE04EC0-301F-11D3-BF4B-00C04F79EFBC}") = "TypeScriptAstExample", "TypeScriptAstExample\TypeScriptAstExample.csproj", "{98383B0A-D61E-48C9-9D18-9656AC601CA5}"
EndProject
Global
	GlobalSection(SolutionConfigurationPlatforms) = preSolution
		Debug|Any CPU = Debug|Any CPU
		Release|Any CPU = Release|Any CPU
	EndGlobalSection
	GlobalSection(ProjectConfigurationPlatforms) = postSolution
		{7728B98C-9E88-4E6D-8ECD-D51DED278AC2}.Debug|Any CPU.ActiveCfg = Debug|Any CPU
		{7728B98C-9E88-4E6D-8ECD-D51DED278AC2}.Debug|Any CPU.Build.0 = Debug|Any CPU
		{7728B98C-9E88-4E6D-8ECD-D51DED278AC2}.Release|Any CPU.ActiveCfg = Release|Any CPU
		{7728B98C-9E88-4E6D-8ECD-D51DED278AC2}.Release|Any CPU.Build.0 = Release|Any CPU
		{98383B0A-D61E-48C9-9D18-9656AC601CA5}.Debug|Any CPU.ActiveCfg = Debug|Any CPU
		{98383B0A-D61E-48C9-9D18-9656AC601CA5}.Debug|Any CPU.Build.0 = Debug|Any CPU
		{98383B0A-D61E-48C9-9D18-9656AC601CA5}.Release|Any CPU.ActiveCfg = Release|Any CPU
		{98383B0A-D61E-48C9-9D18-9656AC601CA5}.Release|Any CPU.Build.0 = Release|Any CPU
	EndGlobalSection
	GlobalSection(SolutionProperties) = preSolution
		HideSolutionNode = FALSE
	EndGlobalSection
EndGlobal
